// !$*UTF8*$!
{
	archiveVersion = 1;
	classes = {
	};
	objectVersion = 46;
	objects = {

/* Begin PBXBuildFile section */
		EC2B41811EDE1E6200429CF8 /* Assets.xcassets in Resources */ = {isa = PBXBuildFile; fileRef = EC2B41801EDE1E6200429CF8 /* Assets.xcassets */; };
		EC2B41831EDE1F4900429CF8 /* SpinnersViewController.swift in Sources */ = {isa = PBXBuildFile; fileRef = EC2B41821EDE1F4900429CF8 /* SpinnersViewController.swift */; };
		EC2B41851EDE1FD600429CF8 /* SpinnersDataSource.swift in Sources */ = {isa = PBXBuildFile; fileRef = EC2B41841EDE1FD600429CF8 /* SpinnersDataSource.swift */; };
		EC2B41871EDE209C00429CF8 /* SpinnerCell.swift in Sources */ = {isa = PBXBuildFile; fileRef = EC2B41861EDE209C00429CF8 /* SpinnerCell.swift */; };
		EC2B41891EDE22FB00429CF8 /* UITableViewCell+Extensions.swift in Sources */ = {isa = PBXBuildFile; fileRef = EC2B41881EDE22FB00429CF8 /* UITableViewCell+Extensions.swift */; };
		EC2B418B1EDE28F500429CF8 /* Keys.swift in Sources */ = {isa = PBXBuildFile; fileRef = EC2B418A1EDE28F500429CF8 /* Keys.swift */; };
		EC522F281ED869B700848562 /* AppDelegate.swift in Sources */ = {isa = PBXBuildFile; fileRef = EC522F271ED869B700848562 /* AppDelegate.swift */; };
		EC522F2A1ED869B700848562 /* ViewController.swift in Sources */ = {isa = PBXBuildFile; fileRef = EC522F291ED869B700848562 /* ViewController.swift */; };
		EC522F2D1ED869B700848562 /* Main.storyboard in Resources */ = {isa = PBXBuildFile; fileRef = EC522F2B1ED869B700848562 /* Main.storyboard */; };
		EC522F321ED869B700848562 /* LaunchScreen.storyboard in Resources */ = {isa = PBXBuildFile; fileRef = EC522F301ED869B700848562 /* LaunchScreen.storyboard */; };
		EC522F481EDA5FB500848562 /* OnboardingViewController.swift in Sources */ = {isa = PBXBuildFile; fileRef = EC522F471EDA5FB500848562 /* OnboardingViewController.swift */; };
		EC522F4A1EDA614C00848562 /* TutorialPageViewController.swift in Sources */ = {isa = PBXBuildFile; fileRef = EC522F491EDA614C00848562 /* TutorialPageViewController.swift */; };
		EC522F4C1EDB849500848562 /* Spinner.swift in Sources */ = {isa = PBXBuildFile; fileRef = EC522F4B1EDB849500848562 /* Spinner.swift */; };
/* End PBXBuildFile section */

/* Begin PBXFileReference section */
		EC2B41801EDE1E6200429CF8 /* Assets.xcassets */ = {isa = PBXFileReference; lastKnownFileType = folder.assetcatalog; path = Assets.xcassets; sourceTree = "<group>"; };
		EC2B41821EDE1F4900429CF8 /* SpinnersViewController.swift */ = {isa = PBXFileReference; fileEncoding = 4; lastKnownFileType = sourcecode.swift; path = SpinnersViewController.swift; sourceTree = "<group>"; };
		EC2B41841EDE1FD600429CF8 /* SpinnersDataSource.swift */ = {isa = PBXFileReference; fileEncoding = 4; lastKnownFileType = sourcecode.swift; path = SpinnersDataSource.swift; sourceTree = "<group>"; };
		EC2B41861EDE209C00429CF8 /* SpinnerCell.swift */ = {isa = PBXFileReference; fileEncoding = 4; lastKnownFileType = sourcecode.swift; path = SpinnerCell.swift; sourceTree = "<group>"; };
		EC2B41881EDE22FB00429CF8 /* UITableViewCell+Extensions.swift */ = {isa = PBXFileReference; fileEncoding = 4; lastKnownFileType = sourcecode.swift; path = "UITableViewCell+Extensions.swift"; sourceTree = "<group>"; };
		EC2B418A1EDE28F500429CF8 /* Keys.swift */ = {isa = PBXFileReference; fileEncoding = 4; lastKnownFileType = sourcecode.swift; path = Keys.swift; sourceTree = "<group>"; };
		EC522F241ED869B700848562 /* fidgetSpinner.app */ = {isa = PBXFileReference; explicitFileType = wrapper.application; includeInIndex = 0; path = fidgetSpinner.app; sourceTree = BUILT_PRODUCTS_DIR; };
		EC522F271ED869B700848562 /* AppDelegate.swift */ = {isa = PBXFileReference; lastKnownFileType = sourcecode.swift; path = AppDelegate.swift; sourceTree = "<group>"; };
		EC522F291ED869B700848562 /* ViewController.swift */ = {isa = PBXFileReference; lastKnownFileType = sourcecode.swift; path = ViewController.swift; sourceTree = "<group>"; };
		EC522F2C1ED869B700848562 /* Base */ = {isa = PBXFileReference; lastKnownFileType = file.storyboard; name = Base; path = Base.lproj/Main.storyboard; sourceTree = "<group>"; };
		EC522F311ED869B700848562 /* Base */ = {isa = PBXFileReference; lastKnownFileType = file.storyboard; name = Base; path = Base.lproj/LaunchScreen.storyboard; sourceTree = "<group>"; };
		EC522F331ED869B700848562 /* Info.plist */ = {isa = PBXFileReference; lastKnownFileType = text.plist.xml; path = Info.plist; sourceTree = "<group>"; };
		EC522F471EDA5FB500848562 /* OnboardingViewController.swift */ = {isa = PBXFileReference; fileEncoding = 4; lastKnownFileType = sourcecode.swift; path = OnboardingViewController.swift; sourceTree = "<group>"; };
		EC522F491EDA614C00848562 /* TutorialPageViewController.swift */ = {isa = PBXFileReference; fileEncoding = 4; lastKnownFileType = sourcecode.swift; path = TutorialPageViewController.swift; sourceTree = "<group>"; };
		EC522F4B1EDB849500848562 /* Spinner.swift */ = {isa = PBXFileReference; fileEncoding = 4; lastKnownFileType = sourcecode.swift; path = Spinner.swift; sourceTree = "<group>"; };
/* End PBXFileReference section */

/* Begin PBXFrameworksBuildPhase section */
		EC522F211ED869B700848562 /* Frameworks */ = {
			isa = PBXFrameworksBuildPhase;
			buildActionMask = 2147483647;
			files = (
			);
			runOnlyForDeploymentPostprocessing = 0;
		};
/* End PBXFrameworksBuildPhase section */

/* Begin PBXGroup section */
		EC522F1B1ED869B700848562 = {
			isa = PBXGroup;
			children = (
				EC522F261ED869B700848562 /* fidgetSpinner */,
				EC522F251ED869B700848562 /* Products */,
			);
			sourceTree = "<group>";
		};
		EC522F251ED869B700848562 /* Products */ = {
			isa = PBXGroup;
			children = (
				EC522F241ED869B700848562 /* fidgetSpinner.app */,
			);
			name = Products;
			sourceTree = "<group>";
		};
		EC522F261ED869B700848562 /* fidgetSpinner */ = {
			isa = PBXGroup;
			children = (
				EC522F271ED869B700848562 /* AppDelegate.swift */,
				EC522F291ED869B700848562 /* ViewController.swift */,
				EC522F471EDA5FB500848562 /* OnboardingViewController.swift */,
				EC522F491EDA614C00848562 /* TutorialPageViewController.swift */,
				EC2B41821EDE1F4900429CF8 /* SpinnersViewController.swift */,
				EC2B41841EDE1FD600429CF8 /* SpinnersDataSource.swift */,
				EC2B41861EDE209C00429CF8 /* SpinnerCell.swift */,
				EC2B41881EDE22FB00429CF8 /* UITableViewCell+Extensions.swift */,
				EC522F4B1EDB849500848562 /* Spinner.swift */,
				EC2B418A1EDE28F500429CF8 /* Keys.swift */,
				EC522F2B1ED869B700848562 /* Main.storyboard */,
				EC2B41801EDE1E6200429CF8 /* Assets.xcassets */,
				EC522F301ED869B700848562 /* LaunchScreen.storyboard */,
				EC522F331ED869B700848562 /* Info.plist */,
			);
			path = fidgetSpinner;
			sourceTree = "<group>";
		};
/* End PBXGroup section */

/* Begin PBXNativeTarget section */
		EC522F231ED869B700848562 /* fidgetSpinner */ = {
			isa = PBXNativeTarget;
			buildConfigurationList = EC522F361ED869B700848562 /* Build configuration list for PBXNativeTarget "fidgetSpinner" */;
			buildPhases = (
				EC522F201ED869B700848562 /* Sources */,
				EC522F211ED869B700848562 /* Frameworks */,
				EC522F221ED869B700848562 /* Resources */,
			);
			buildRules = (
			);
			dependencies = (
			);
			name = fidgetSpinner;
			productName = fidgetSpinner;
			productReference = EC522F241ED869B700848562 /* fidgetSpinner.app */;
			productType = "com.apple.product-type.application";
		};
/* End PBXNativeTarget section */

/* Begin PBXProject section */
		EC522F1C1ED869B700848562 /* Project object */ = {
			isa = PBXProject;
			attributes = {
				LastSwiftUpdateCheck = 0830;
				LastUpgradeCheck = 0830;
				ORGANIZATIONNAME = "Derik Flanary";
				TargetAttributes = {
					EC522F231ED869B700848562 = {
						CreatedOnToolsVersion = 8.3.2;
						DevelopmentTeam = 92H4P6C5WB;
						ProvisioningStyle = Automatic;
					};
				};
			};
			buildConfigurationList = EC522F1F1ED869B700848562 /* Build configuration list for PBXProject "fidgetSpinner" */;
			compatibilityVersion = "Xcode 3.2";
			developmentRegion = English;
			hasScannedForEncodings = 0;
			knownRegions = (
				en,
				Base,
			);
			mainGroup = EC522F1B1ED869B700848562;
			productRefGroup = EC522F251ED869B700848562 /* Products */;
			projectDirPath = "";
			projectRoot = "";
			targets = (
				EC522F231ED869B700848562 /* fidgetSpinner */,
			);
		};
/* End PBXProject section */

/* Begin PBXResourcesBuildPhase section */
		EC522F221ED869B700848562 /* Resources */ = {
			isa = PBXResourcesBuildPhase;
			buildActionMask = 2147483647;
			files = (
				EC522F321ED869B700848562 /* LaunchScreen.storyboard in Resources */,
				EC2B41811EDE1E6200429CF8 /* Assets.xcassets in Resources */,
				EC522F2D1ED869B700848562 /* Main.storyboard in Resources */,
			);
			runOnlyForDeploymentPostprocessing = 0;
		};
/* End PBXResourcesBuildPhase section */

/* Begin PBXSourcesBuildPhase section */
		EC522F201ED869B700848562 /* Sources */ = {
			isa = PBXSourcesBuildPhase;
			buildActionMask = 2147483647;
			files = (
				EC522F4A1EDA614C00848562 /* TutorialPageViewController.swift in Sources */,
				EC522F2A1ED869B700848562 /* ViewController.swift in Sources */,
				EC522F481EDA5FB500848562 /* OnboardingViewController.swift in Sources */,
				EC2B41871EDE209C00429CF8 /* SpinnerCell.swift in Sources */,
				EC2B41851EDE1FD600429CF8 /* SpinnersDataSource.swift in Sources */,
				EC522F281ED869B700848562 /* AppDelegate.swift in Sources */,
				EC2B41831EDE1F4900429CF8 /* SpinnersViewController.swift in Sources */,
				EC522F4C1EDB849500848562 /* Spinner.swift in Sources */,
				EC2B41891EDE22FB00429CF8 /* UITableViewCell+Extensions.swift in Sources */,
				EC2B418B1EDE28F500429CF8 /* Keys.swift in Sources */,
			);
			runOnlyForDeploymentPostprocessing = 0;
		};
/* End PBXSourcesBuildPhase section */

/* Begin PBXVariantGroup section */
		EC522F2B1ED869B700848562 /* Main.storyboard */ = {
			isa = PBXVariantGroup;
			children = (
				EC522F2C1ED869B700848562 /* Base */,
			);
			name = Main.storyboard;
			sourceTree = "<group>";
		};
		EC522F301ED869B700848562 /* LaunchScreen.storyboard */ = {
			isa = PBXVariantGroup;
			children = (
				EC522F311ED869B700848562 /* Base */,
			);
			name = LaunchScreen.storyboard;
			sourceTree = "<group>";
		};
/* End PBXVariantGroup section */

/* Begin XCBuildConfiguration section */
		EC522F341ED869B700848562 /* Debug */ = {
			isa = XCBuildConfiguration;
			buildSettings = {
				ALWAYS_SEARCH_USER_PATHS = NO;
				CLANG_ANALYZER_NONNULL = YES;
				CLANG_ANALYZER_NUMBER_OBJECT_CONVERSION = YES_AGGRESSIVE;
				CLANG_CXX_LANGUAGE_STANDARD = "gnu++0x";
				CLANG_CXX_LIBRARY = "libc++";
				CLANG_ENABLE_MODULES = YES;
				CLANG_ENABLE_OBJC_ARC = YES;
				CLANG_WARN_BOOL_CONVERSION = YES;
				CLANG_WARN_CONSTANT_CONVERSION = YES;
				CLANG_WARN_DIRECT_OBJC_ISA_USAGE = YES_ERROR;
				CLANG_WARN_DOCUMENTATION_COMMENTS = YES;
				CLANG_WARN_EMPTY_BODY = YES;
				CLANG_WARN_ENUM_CONVERSION = YES;
				CLANG_WARN_INFINITE_RECURSION = YES;
				CLANG_WARN_INT_CONVERSION = YES;
				CLANG_WARN_OBJC_ROOT_CLASS = YES_ERROR;
				CLANG_WARN_SUSPICIOUS_MOVE = YES;
				CLANG_WARN_UNREACHABLE_CODE = YES;
				CLANG_WARN__DUPLICATE_METHOD_MATCH = YES;
				"CODE_SIGN_IDENTITY[sdk=iphoneos*]" = "iPhone Developer";
				COPY_PHASE_STRIP = NO;
				DEBUG_INFORMATION_FORMAT = dwarf;
				ENABLE_STRICT_OBJC_MSGSEND = YES;
				ENABLE_TESTABILITY = YES;
				GCC_C_LANGUAGE_STANDARD = gnu99;
				GCC_DYNAMIC_NO_PIC = NO;
				GCC_NO_COMMON_BLOCKS = YES;
				GCC_OPTIMIZATION_LEVEL = 0;
				GCC_PREPROCESSOR_DEFINITIONS = (
					"DEBUG=1",
					"$(inherited)",
				);
				GCC_WARN_64_TO_32_BIT_CONVERSION = YES;
				GCC_WARN_ABOUT_RETURN_TYPE = YES_ERROR;
				GCC_WARN_UNDECLARED_SELECTOR = YES;
				GCC_WARN_UNINITIALIZED_AUTOS = YES_AGGRESSIVE;
				GCC_WARN_UNUSED_FUNCTION = YES;
				GCC_WARN_UNUSED_VARIABLE = YES;
				IPHONEOS_DEPLOYMENT_TARGET = 10.3;
				MTL_ENABLE_DEBUG_INFO = YES;
				ONLY_ACTIVE_ARCH = YES;
				SDKROOT = iphoneos;
				SWIFT_ACTIVE_COMPILATION_CONDITIONS = DEBUG;
				SWIFT_OPTIMIZATION_LEVEL = "-Onone";
				TARGETED_DEVICE_FAMILY = "1,2";
			};
			name = Debug;
		};
		EC522F351ED869B700848562 /* Release */ = {
			isa = XCBuildConfiguration;
			buildSettings = {
				ALWAYS_SEARCH_USER_PATHS = NO;
				CLANG_ANALYZER_NONNULL = YES;
				CLANG_ANALYZER_NUMBER_OBJECT_CONVERSION = YES_AGGRESSIVE;
				CLANG_CXX_LANGUAGE_STANDARD = "gnu++0x";
				CLANG_CXX_LIBRARY = "libc++";
				CLANG_ENABLE_MODULES = YES;
				CLANG_ENABLE_OBJC_ARC = YES;
				CLANG_WARN_BOOL_CONVERSION = YES;
				CLANG_WARN_CONSTANT_CONVERSION = YES;
				CLANG_WARN_DIRECT_OBJC_ISA_USAGE = YES_ERROR;
				CLANG_WARN_DOCUMENTATION_COMMENTS = YES;
				CLANG_WARN_EMPTY_BODY = YES;
				CLANG_WARN_ENUM_CONVERSION = YES;
				CLANG_WARN_INFINITE_RECURSION = YES;
				CLANG_WARN_INT_CONVERSION = YES;
				CLANG_WARN_OBJC_ROOT_CLASS = YES_ERROR;
				CLANG_WARN_SUSPICIOUS_MOVE = YES;
				CLANG_WARN_UNREACHABLE_CODE = YES;
				CLANG_WARN__DUPLICATE_METHOD_MATCH = YES;
				"CODE_SIGN_IDENTITY[sdk=iphoneos*]" = "iPhone Developer";
				COPY_PHASE_STRIP = NO;
				DEBUG_INFORMATION_FORMAT = "dwarf-with-dsym";
				ENABLE_NS_ASSERTIONS = NO;
				ENABLE_STRICT_OBJC_MSGSEND = YES;
				GCC_C_LANGUAGE_STANDARD = gnu99;
				GCC_NO_COMMON_BLOCKS = YES;
				GCC_WARN_64_TO_32_BIT_CONVERSION = YES;
				GCC_WARN_ABOUT_RETURN_TYPE = YES_ERROR;
				GCC_WARN_UNDECLARED_SELECTOR = YES;
				GCC_WARN_UNINITIALIZED_AUTOS = YES_AGGRESSIVE;
				GCC_WARN_UNUSED_FUNCTION = YES;
				GCC_WARN_UNUSED_VARIABLE = YES;
				IPHONEOS_DEPLOYMENT_TARGET = 10.3;
				MTL_ENABLE_DEBUG_INFO = NO;
				SDKROOT = iphoneos;
				SWIFT_OPTIMIZATION_LEVEL = "-Owholemodule";
				TARGETED_DEVICE_FAMILY = "1,2";
				VALIDATE_PRODUCT = YES;
			};
			name = Release;
		};
		EC522F371ED869B700848562 /* Debug */ = {
			isa = XCBuildConfiguration;
			buildSettings = {
				ASSETCATALOG_COMPILER_APPICON_NAME = AppIcon;
				DEVELOPMENT_TEAM = 92H4P6C5WB;
				INFOPLIST_FILE = fidgetSpinner/Info.plist;
				LD_RUNPATH_SEARCH_PATHS = "$(inherited) @executable_path/Frameworks";
				PRODUCT_BUNDLE_IDENTIFIER = com.derikflanary.fidgetSpinner;
				PRODUCT_NAME = "$(TARGET_NAME)";
				SWIFT_VERSION = 3.0;
			};
			name = Debug;
		};
		EC522F381ED869B700848562 /* Release */ = {
			isa = XCBuildConfiguration;
			buildSettings = {
				ASSETCATALOG_COMPILER_APPICON_NAME = AppIcon;
				DEVELOPMENT_TEAM = 92H4P6C5WB;
				INFOPLIST_FILE = fidgetSpinner/Info.plist;
				LD_RUNPATH_SEARCH_PATHS = "$(inherited) @executable_path/Frameworks";
				PRODUCT_BUNDLE_IDENTIFIER = com.derikflanary.fidgetSpinner;
				PRODUCT_NAME = "$(TARGET_NAME)";
				SWIFT_VERSION = 3.0;
			};
			name = Release;
		};
/* End XCBuildConfiguration section */

/* Begin XCConfigurationList section */
		EC522F1F1ED869B700848562 /* Build configuration list for PBXProject "fidgetSpinner" */ = {
			isa = XCConfigurationList;
			buildConfigurations = (
				EC522F341ED869B700848562 /* Debug */,
				EC522F351ED869B700848562 /* Release */,
			);
			defaultConfigurationIsVisible = 0;
			defaultConfigurationName = Release;
		};
		EC522F361ED869B700848562 /* Build configuration list for PBXNativeTarget "fidgetSpinner" */ = {
			isa = XCConfigurationList;
			buildConfigurations = (
				EC522F371ED869B700848562 /* Debug */,
				EC522F381ED869B700848562 /* Release */,
			);
			defaultConfigurationIsVisible = 0;
			defaultConfigurationName = Release;
		};
/* End XCConfigurationList section */
	};
	rootObject = EC522F1C1ED869B700848562 /* Project object */;
}
